
Microsoft Visual Studio Solution File, Format Version 12.00
# Visual Studio 15
VisualStudioVersion = 15.0.27703.2026
MinimumVisualStudioVersion = 10.0.40219.1
Project("{FAE04EC0-301F-11D3-BF4B-00C04F79EFBC}") = "Warframe Fixer", "Warframe Fixer\Warframe Fixer.csproj", "{5C16FC33-AA6F-4237-A526-EC9316BF93BD}"
EndProject
Global
	GlobalSection(SolutionConfigurationPlatforms) = preSolution
		Debug|Any CPU = Debug|Any CPU
		Release|Any CPU = Release|Any CPU
	EndGlobalSection
	GlobalSection(ProjectConfigurationPlatforms) = postSolution
		{5C16FC33-AA6F-4237-A526-EC9316BF93BD}.Debug|Any CPU.ActiveCfg = Debug|Any CPU
		{5C16FC33-AA6F-4237-A526-EC9316BF93BD}.Debug|Any CPU.Build.0 = Debug|Any CPU
		{5C16FC33-AA6F-4237-A526-EC9316BF93BD}.Release|Any CPU.ActiveCfg = Release|Any CPU
		{5C16FC33-AA6F-4237-A526-EC9316BF93BD}.Release|Any CPU.Build.0 = Release|Any CPU
	EndGlobalSection
	GlobalSection(SolutionProperties) = preSolution
		HideSolutionNode = FALSE
	EndGlobalSection
	GlobalSection(ExtensibilityGlobals) = postSolution
		SolutionGuid = {F81BF96B-A6B6-4539-BAA8-912476E531E4}
	EndGlobalSection
EndGlobal
